
Microsoft Visual Studio Solution File, Format Version 12.00
# Visual Studio Version 16
VisualStudioVersion = 16.0.809.1
MinimumVisualStudioVersion = 10.0.40219.1
Project("{FAE04EC0-301F-11D3-BF4B-00C04F79EFBC}") = "App_Planner", "App_Planner\App_Planner.csproj", "{8BDF6241-A15E-4CE6-B989-9D2025E6409B}"
EndProject
Global
	GlobalSection(SolutionConfigurationPlatforms) = preSolution
		Debug|Any CPU = Debug|Any CPU
		Release|Any CPU = Release|Any CPU
	EndGlobalSection
	GlobalSection(ProjectConfigurationPlatforms) = postSolution
		{8BDF6241-A15E-4CE6-B989-9D2025E6409B}.Debug|Any CPU.ActiveCfg = Debug|Any CPU
		{8BDF6241-A15E-4CE6-B989-9D2025E6409B}.Debug|Any CPU.Build.0 = Debug|Any CPU
		{8BDF6241-A15E-4CE6-B989-9D2025E6409B}.Release|Any CPU.ActiveCfg = Release|Any CPU
		{8BDF6241-A15E-4CE6-B989-9D2025E6409B}.Release|Any CPU.Build.0 = Release|Any CPU
	EndGlobalSection
	GlobalSection(SolutionProperties) = preSolution
		HideSolutionNode = FALSE
	EndGlobalSection
	GlobalSection(ExtensibilityGlobals) = postSolution
		SolutionGuid = {E6ED5E3A-77A8-4B62-AAFF-2E3FB857DF9D}
	EndGlobalSection
EndGlobal
